
Microsoft Visual Studio Solution File, Format Version 12.00
# Visual Studio 15
VisualStudioVersion = 15.0.28307.572
MinimumVisualStudioVersion = 10.0.40219.1
Project("{FAE04EC0-301F-11D3-BF4B-00C04F79EFBC}") = "MRKTPL", "MRKTPL\MRKTPL.csproj", "{54799BFD-5724-4232-8762-7BA5949AD006}"
EndProject
Project("{FAE04EC0-301F-11D3-BF4B-00C04F79EFBC}") = "MRKTPL.Services", "MRKTPL.Services\MRKTPL.Services.csproj", "{8811FA88-323B-4B7A-B1BD-69E557B0EEF7}"
EndProject
Project("{FAE04EC0-301F-11D3-BF4B-00C04F79EFBC}") = "MRKTPL.Data", "MRKTPL.Data\MRKTPL.Data.csproj", "{17ED244D-AF8A-4723-A396-638ABDA5983B}"
EndProject
Global
	GlobalSection(SolutionConfigurationPlatforms) = preSolution
		Debug|Any CPU = Debug|Any CPU
		Release|Any CPU = Release|Any CPU
	EndGlobalSection
	GlobalSection(ProjectConfigurationPlatforms) = postSolution
		{54799BFD-5724-4232-8762-7BA5949AD006}.Debug|Any CPU.ActiveCfg = Debug|Any CPU
		{54799BFD-5724-4232-8762-7BA5949AD006}.Debug|Any CPU.Build.0 = Debug|Any CPU
		{54799BFD-5724-4232-8762-7BA5949AD006}.Release|Any CPU.ActiveCfg = Release|Any CPU
		{54799BFD-5724-4232-8762-7BA5949AD006}.Release|Any CPU.Build.0 = Release|Any CPU
		{8811FA88-323B-4B7A-B1BD-69E557B0EEF7}.Debug|Any CPU.ActiveCfg = Debug|Any CPU
		{8811FA88-323B-4B7A-B1BD-69E557B0EEF7}.Debug|Any CPU.Build.0 = Debug|Any CPU
		{8811FA88-323B-4B7A-B1BD-69E557B0EEF7}.Release|Any CPU.ActiveCfg = Release|Any CPU
		{8811FA88-323B-4B7A-B1BD-69E557B0EEF7}.Release|Any CPU.Build.0 = Release|Any CPU
		{17ED244D-AF8A-4723-A396-638ABDA5983B}.Debug|Any CPU.ActiveCfg = Debug|Any CPU
		{17ED244D-AF8A-4723-A396-638ABDA5983B}.Debug|Any CPU.Build.0 = Debug|Any CPU
		{17ED244D-AF8A-4723-A396-638ABDA5983B}.Release|Any CPU.ActiveCfg = Release|Any CPU
		{17ED244D-AF8A-4723-A396-638ABDA5983B}.Release|Any CPU.Build.0 = Release|Any CPU
	EndGlobalSection
	GlobalSection(SolutionProperties) = preSolution
		HideSolutionNode = FALSE
	EndGlobalSection
	GlobalSection(ExtensibilityGlobals) = postSolution
		SolutionGuid = {B5E1AF54-30F5-4C4E-85DF-2A236E584454}
	EndGlobalSection
EndGlobal
